
Microsoft Visual Studio Solution File, Format Version 12.00
# Visual Studio 15
VisualStudioVersion = 15.0.26430.12
MinimumVisualStudioVersion = 10.0.40219.1
Project("{FAE04EC0-301F-11D3-BF4B-00C04F79EFBC}") = "StringManipulation", "StringManipulation\StringManipulation.csproj", "{C419F42C-21F8-42D4-8555-EE58D8234703}"
EndProject
Project("{FAE04EC0-301F-11D3-BF4B-00C04F79EFBC}") = "Tests", "Tests\Tests.csproj", "{D10042F8-CDC3-4706-809B-92AE29B28884}"
EndProject
Project("{FAE04EC0-301F-11D3-BF4B-00C04F79EFBC}") = "RunInConsole", "RunInConsole\RunInConsole.csproj", "{2147FD6E-AB76-40AA-9DF6-76B5C5AA150D}"
EndProject
Global
	GlobalSection(SolutionConfigurationPlatforms) = preSolution
		Debug|Any CPU = Debug|Any CPU
		Release|Any CPU = Release|Any CPU
	EndGlobalSection
	GlobalSection(ProjectConfigurationPlatforms) = postSolution
		{C419F42C-21F8-42D4-8555-EE58D8234703}.Debug|Any CPU.ActiveCfg = Debug|Any CPU
		{C419F42C-21F8-42D4-8555-EE58D8234703}.Debug|Any CPU.Build.0 = Debug|Any CPU
		{C419F42C-21F8-42D4-8555-EE58D8234703}.Release|Any CPU.ActiveCfg = Release|Any CPU
		{C419F42C-21F8-42D4-8555-EE58D8234703}.Release|Any CPU.Build.0 = Release|Any CPU
		{D10042F8-CDC3-4706-809B-92AE29B28884}.Debug|Any CPU.ActiveCfg = Debug|Any CPU
		{D10042F8-CDC3-4706-809B-92AE29B28884}.Debug|Any CPU.Build.0 = Debug|Any CPU
		{D10042F8-CDC3-4706-809B-92AE29B28884}.Release|Any CPU.ActiveCfg = Release|Any CPU
		{D10042F8-CDC3-4706-809B-92AE29B28884}.Release|Any CPU.Build.0 = Release|Any CPU
		{2147FD6E-AB76-40AA-9DF6-76B5C5AA150D}.Debug|Any CPU.ActiveCfg = Debug|Any CPU
		{2147FD6E-AB76-40AA-9DF6-76B5C5AA150D}.Debug|Any CPU.Build.0 = Debug|Any CPU
		{2147FD6E-AB76-40AA-9DF6-76B5C5AA150D}.Release|Any CPU.ActiveCfg = Release|Any CPU
		{2147FD6E-AB76-40AA-9DF6-76B5C5AA150D}.Release|Any CPU.Build.0 = Release|Any CPU
	EndGlobalSection
	GlobalSection(SolutionProperties) = preSolution
		HideSolutionNode = FALSE
	EndGlobalSection
EndGlobal
